
Microsoft Visual Studio Solution File, Format Version 12.00
# Visual Studio 15
VisualStudioVersion = 15.0.28307.136
MinimumVisualStudioVersion = 10.0.40219.1
Project("{FAE04EC0-301F-11D3-BF4B-00C04F79EFBC}") = "EF-MySql-Console", "EF-MySql-Console\EF-MySql-Console.csproj", "{73A6354E-ADA0-453F-A354-FF4DBEAE551D}"
EndProject
Global
	GlobalSection(SolutionConfigurationPlatforms) = preSolution
		Debug|Any CPU = Debug|Any CPU
		Release|Any CPU = Release|Any CPU
	EndGlobalSection
	GlobalSection(ProjectConfigurationPlatforms) = postSolution
		{73A6354E-ADA0-453F-A354-FF4DBEAE551D}.Debug|Any CPU.ActiveCfg = Debug|Any CPU
		{73A6354E-ADA0-453F-A354-FF4DBEAE551D}.Debug|Any CPU.Build.0 = Debug|Any CPU
		{73A6354E-ADA0-453F-A354-FF4DBEAE551D}.Release|Any CPU.ActiveCfg = Release|Any CPU
		{73A6354E-ADA0-453F-A354-FF4DBEAE551D}.Release|Any CPU.Build.0 = Release|Any CPU
	EndGlobalSection
	GlobalSection(SolutionProperties) = preSolution
		HideSolutionNode = FALSE
	EndGlobalSection
	GlobalSection(ExtensibilityGlobals) = postSolution
		SolutionGuid = {B45E2EE6-C84B-4CE6-9FAE-222EC4613D82}
	EndGlobalSection
EndGlobal
